
Microsoft Visual Studio Solution File, Format Version 12.00
# Visual Studio Version 17
VisualStudioVersion = 17.14.36603.0 d17.14
MinimumVisualStudioVersion = 10.0.40219.1
Project("{FAE04EC0-301F-11D3-BF4B-00C04F79EFBC}") = "02.", "02\02..csproj", "{68FE5B05-8D62-42F5-8D8D-6C8637D91F52}"
EndProject
Project("{FAE04EC0-301F-11D3-BF4B-00C04F79EFBC}") = "01.", "01\01..csproj", "{D28AA187-5FEF-415C-B0AE-A34E81CD9DAD}"
EndProject
Global
	GlobalSection(SolutionConfigurationPlatforms) = preSolution
		Debug|Any CPU = Debug|Any CPU
		Release|Any CPU = Release|Any CPU
	EndGlobalSection
	GlobalSection(ProjectConfigurationPlatforms) = postSolution
		{68FE5B05-8D62-42F5-8D8D-6C8637D91F52}.Debug|Any CPU.ActiveCfg = Debug|Any CPU
		{68FE5B05-8D62-42F5-8D8D-6C8637D91F52}.Debug|Any CPU.Build.0 = Debug|Any CPU
		{68FE5B05-8D62-42F5-8D8D-6C8637D91F52}.Release|Any CPU.ActiveCfg = Release|Any CPU
		{68FE5B05-8D62-42F5-8D8D-6C8637D91F52}.Release|Any CPU.Build.0 = Release|Any CPU
		{D28AA187-5FEF-415C-B0AE-A34E81CD9DAD}.Debug|Any CPU.ActiveCfg = Debug|Any CPU
		{D28AA187-5FEF-415C-B0AE-A34E81CD9DAD}.Debug|Any CPU.Build.0 = Debug|Any CPU
		{D28AA187-5FEF-415C-B0AE-A34E81CD9DAD}.Release|Any CPU.ActiveCfg = Release|Any CPU
		{D28AA187-5FEF-415C-B0AE-A34E81CD9DAD}.Release|Any CPU.Build.0 = Release|Any CPU
	EndGlobalSection
	GlobalSection(SolutionProperties) = preSolution
		HideSolutionNode = FALSE
	EndGlobalSection
	GlobalSection(ExtensibilityGlobals) = postSolution
		SolutionGuid = {F72EF4B7-5472-436A-826A-17C4BDB552F2}
	EndGlobalSection
EndGlobal
