
Microsoft Visual Studio Solution File, Format Version 12.00
# Visual Studio Version 17
VisualStudioVersion = 17.14.37314.3 d17.14
MinimumVisualStudioVersion = 10.0.40219.1
Project("{FAE04EC0-301F-11D3-BF4B-00C04F79EFBC}") = "Exam2Foody", "Exam2Foody\Exam2Foody.csproj", "{5564EFAD-34CF-4EA6-BF0B-22D9C29D71B9}"
EndProject
Global
	GlobalSection(SolutionConfigurationPlatforms) = preSolution
		Debug|Any CPU = Debug|Any CPU
		Release|Any CPU = Release|Any CPU
	EndGlobalSection
	GlobalSection(ProjectConfigurationPlatforms) = postSolution
		{5564EFAD-34CF-4EA6-BF0B-22D9C29D71B9}.Debug|Any CPU.ActiveCfg = Debug|Any CPU
		{5564EFAD-34CF-4EA6-BF0B-22D9C29D71B9}.Debug|Any CPU.Build.0 = Debug|Any CPU
		{5564EFAD-34CF-4EA6-BF0B-22D9C29D71B9}.Release|Any CPU.ActiveCfg = Release|Any CPU
		{5564EFAD-34CF-4EA6-BF0B-22D9C29D71B9}.Release|Any CPU.Build.0 = Release|Any CPU
	EndGlobalSection
	GlobalSection(SolutionProperties) = preSolution
		HideSolutionNode = FALSE
	EndGlobalSection
	GlobalSection(ExtensibilityGlobals) = postSolution
		SolutionGuid = {77D509C7-B869-4596-9E1D-F6AB528B1A56}
	EndGlobalSection
EndGlobal
