
Microsoft Visual Studio Solution File, Format Version 12.00
# Visual Studio Version 17
VisualStudioVersion = 17.14.37314.3 d17.14
MinimumVisualStudioVersion = 10.0.40219.1
Project("{FAE04EC0-301F-11D3-BF4B-00C04F79EFBC}") = "Story Spoil", "Story Spoil\Story Spoil.csproj", "{53E54CA6-93DB-422D-A02F-4EEE464DA6FD}"
EndProject
Global
	GlobalSection(SolutionConfigurationPlatforms) = preSolution
		Debug|Any CPU = Debug|Any CPU
		Release|Any CPU = Release|Any CPU
	EndGlobalSection
	GlobalSection(ProjectConfigurationPlatforms) = postSolution
		{53E54CA6-93DB-422D-A02F-4EEE464DA6FD}.Debug|Any CPU.ActiveCfg = Debug|Any CPU
		{53E54CA6-93DB-422D-A02F-4EEE464DA6FD}.Debug|Any CPU.Build.0 = Debug|Any CPU
		{53E54CA6-93DB-422D-A02F-4EEE464DA6FD}.Release|Any CPU.ActiveCfg = Release|Any CPU
		{53E54CA6-93DB-422D-A02F-4EEE464DA6FD}.Release|Any CPU.Build.0 = Release|Any CPU
	EndGlobalSection
	GlobalSection(SolutionProperties) = preSolution
		HideSolutionNode = FALSE
	EndGlobalSection
	GlobalSection(ExtensibilityGlobals) = postSolution
		SolutionGuid = {1596BF63-9D30-42C6-B5A2-D63943F2B072}
	EndGlobalSection
EndGlobal
