
Microsoft Visual Studio Solution File, Format Version 12.00
# Visual Studio Version 17
VisualStudioVersion = 17.14.36603.0
MinimumVisualStudioVersion = 10.0.40219.1
Project("{FAE04EC0-301F-11D3-BF4B-00C04F79EFBC}") = "01.", "01\01..csproj", "{1D9CA129-F761-41A2-9808-B9817A94B693}"
EndProject
Project("{FAE04EC0-301F-11D3-BF4B-00C04F79EFBC}") = "02.", "02\02..csproj", "{1E4C77B2-D439-42C4-A730-0DBE7BD99426}"
EndProject
Global
	GlobalSection(SolutionConfigurationPlatforms) = preSolution
		Debug|Any CPU = Debug|Any CPU
		Release|Any CPU = Release|Any CPU
	EndGlobalSection
	GlobalSection(ProjectConfigurationPlatforms) = postSolution
		{1D9CA129-F761-41A2-9808-B9817A94B693}.Debug|Any CPU.ActiveCfg = Debug|Any CPU
		{1D9CA129-F761-41A2-9808-B9817A94B693}.Debug|Any CPU.Build.0 = Debug|Any CPU
		{1D9CA129-F761-41A2-9808-B9817A94B693}.Release|Any CPU.ActiveCfg = Release|Any CPU
		{1D9CA129-F761-41A2-9808-B9817A94B693}.Release|Any CPU.Build.0 = Release|Any CPU
		{1E4C77B2-D439-42C4-A730-0DBE7BD99426}.Debug|Any CPU.ActiveCfg = Debug|Any CPU
		{1E4C77B2-D439-42C4-A730-0DBE7BD99426}.Debug|Any CPU.Build.0 = Debug|Any CPU
		{1E4C77B2-D439-42C4-A730-0DBE7BD99426}.Release|Any CPU.ActiveCfg = Release|Any CPU
		{1E4C77B2-D439-42C4-A730-0DBE7BD99426}.Release|Any CPU.Build.0 = Release|Any CPU
	EndGlobalSection
	GlobalSection(SolutionProperties) = preSolution
		HideSolutionNode = FALSE
	EndGlobalSection
	GlobalSection(ExtensibilityGlobals) = postSolution
		SolutionGuid = {A65A5E3A-AC25-4A91-938D-90A8AE8661C7}
	EndGlobalSection
EndGlobal
